// !$*UTF8*$!
{
	archiveVersion = 1;
	classes = {
	};
	objectVersion = 46;
	objects = {

/* Begin PBXBuildFile section */
		85ED20761C7308A90054F19B /* main.m in Sources */ = {isa = PBXBuildFile; fileRef = 85ED20751C7308A90054F19B /* main.m */; };
		85ED20791C7308A90054F19B /* AppDelegate.m in Sources */ = {isa = PBXBuildFile; fileRef = 85ED20781C7308A90054F19B /* AppDelegate.m */; };
		85ED207C1C7308A90054F19B /* ViewController.m in Sources */ = {isa = PBXBuildFile; fileRef = 85ED207B1C7308A90054F19B /* ViewController.m */; };
		85ED207F1C7308A90054F19B /* Main.storyboard in Resources */ = {isa = PBXBuildFile; fileRef = 85ED207D1C7308A90054F19B /* Main.storyboard */; };
		85ED20811C7308A90054F19B /* Assets.xcassets in Resources */ = {isa = PBXBuildFile; fileRef = 85ED20801C7308A90054F19B /* Assets.xcassets */; };
		85ED20841C7308A90054F19B /* LaunchScreen.storyboard in Resources */ = {isa = PBXBuildFile; fileRef = 85ED20821C7308A90054F19B /* LaunchScreen.storyboard */; };
		85ED208F1C7308A90054F19B /* MenuViewTests.m in Sources */ = {isa = PBXBuildFile; fileRef = 85ED208E1C7308A90054F19B /* MenuViewTests.m */; };
		85ED209A1C7308A90054F19B /* MenuViewUITests.m in Sources */ = {isa = PBXBuildFile; fileRef = 85ED20991C7308A90054F19B /* MenuViewUITests.m */; };
		85ED20AA1C7308D00054F19B /* MenuView.m in Sources */ = {isa = PBXBuildFile; fileRef = 85ED20A91C7308D00054F19B /* MenuView.m */; };
/* End PBXBuildFile section */

/* Begin PBXContainerItemProxy section */
		85ED208B1C7308A90054F19B /* PBXContainerItemProxy */ = {
			isa = PBXContainerItemProxy;
			containerPortal = 85ED20691C7308A90054F19B /* Project object */;
			proxyType = 1;
			remoteGlobalIDString = 85ED20701C7308A90054F19B;
			remoteInfo = MenuView;
		};
		85ED20961C7308A90054F19B /* PBXContainerItemProxy */ = {
			isa = PBXContainerItemProxy;
			containerPortal = 85ED20691C7308A90054F19B /* Project object */;
			proxyType = 1;
			remoteGlobalIDString = 85ED20701C7308A90054F19B;
			remoteInfo = MenuView;
		};
/* End PBXContainerItemProxy section */

/* Begin PBXFileReference section */
		85ED20711C7308A90054F19B /* MenuView.app */ = {isa = PBXFileReference; explicitFileType = wrapper.application; includeInIndex = 0; path = MenuView.app; sourceTree = BUILT_PRODUCTS_DIR; };
		85ED20751C7308A90054F19B /* main.m */ = {isa = PBXFileReference; lastKnownFileType = sourcecode.c.objc; path = main.m; sourceTree = "<group>"; };
		85ED20771C7308A90054F19B /* AppDelegate.h */ = {isa = PBXFileReference; lastKnownFileType = sourcecode.c.h; path = AppDelegate.h; sourceTree = "<group>"; };
		85ED20781C7308A90054F19B /* AppDelegate.m */ = {isa = PBXFileReference; lastKnownFileType = sourcecode.c.objc; path = AppDelegate.m; sourceTree = "<group>"; };
		85ED207A1C7308A90054F19B /* ViewController.h */ = {isa = PBXFileReference; lastKnownFileType = sourcecode.c.h; path = ViewController.h; sourceTree = "<group>"; };
		85ED207B1C7308A90054F19B /* ViewController.m */ = {isa = PBXFileReference; lastKnownFileType = sourcecode.c.objc; path = ViewController.m; sourceTree = "<group>"; };
		85ED207E1C7308A90054F19B /* Base */ = {isa = PBXFileReference; lastKnownFileType = file.storyboard; name = Base; path = Base.lproj/Main.storyboard; sourceTree = "<group>"; };
		85ED20801C7308A90054F19B /* Assets.xcassets */ = {isa = PBXFileReference; lastKnownFileType = folder.assetcatalog; path = Assets.xcassets; sourceTree = "<group>"; };
		85ED20831C7308A90054F19B /* Base */ = {isa = PBXFileReference; lastKnownFileType = file.storyboard; name = Base; path = Base.lproj/LaunchScreen.storyboard; sourceTree = "<group>"; };
		85ED20851C7308A90054F19B /* Info.plist */ = {isa = PBXFileReference; lastKnownFileType = text.plist.xml; path = Info.plist; sourceTree = "<group>"; };
		85ED208A1C7308A90054F19B /* MenuViewTests.xctest */ = {isa = PBXFileReference; explicitFileType = wrapper.cfbundle; includeInIndex = 0; path = MenuViewTests.xctest; sourceTree = BUILT_PRODUCTS_DIR; };
		85ED208E1C7308A90054F19B /* MenuViewTests.m */ = {isa = PBXFileReference; lastKnownFileType = sourcecode.c.objc; path = MenuViewTests.m; sourceTree = "<group>"; };
		85ED20901C7308A90054F19B /* Info.plist */ = {isa = PBXFileReference; lastKnownFileType = text.plist.xml; path = Info.plist; sourceTree = "<group>"; };
		85ED20951C7308A90054F19B /* MenuViewUITests.xctest */ = {isa = PBXFileReference; explicitFileType = wrapper.cfbundle; includeInIndex = 0; path = MenuViewUITests.xctest; sourceTree = BUILT_PRODUCTS_DIR; };
		85ED20991C7308A90054F19B /* MenuViewUITests.m */ = {isa = PBXFileReference; lastKnownFileType = sourcecode.c.objc; path = MenuViewUITests.m; sourceTree = "<group>"; };
		85ED209B1C7308A90054F19B /* Info.plist */ = {isa = PBXFileReference; lastKnownFileType = text.plist.xml; path = Info.plist; sourceTree = "<group>"; };
		85ED20A81C7308D00054F19B /* MenuView.h */ = {isa = PBXFileReference; fileEncoding = 4; lastKnownFileType = sourcecode.c.h; path = MenuView.h; sourceTree = "<group>"; };
		85ED20A91C7308D00054F19B /* MenuView.m */ = {isa = PBXFileReference; fileEncoding = 4; lastKnownFileType = sourcecode.c.objc; path = MenuView.m; sourceTree = "<group>"; };
/* End PBXFileReference section */

/* Begin PBXFrameworksBuildPhase section */
		85ED206E1C7308A90054F19B /* Frameworks */ = {
			isa = PBXFrameworksBuildPhase;
			buildActionMask = 2147483647;
			files = (
			);
			runOnlyForDeploymentPostprocessing = 0;
		};
		85ED20871C7308A90054F19B /* Frameworks */ = {
			isa = PBXFrameworksBuildPhase;
			buildActionMask = 2147483647;
			files = (
			);
			runOnlyForDeploymentPostprocessing = 0;
		};
		85ED20921C7308A90054F19B /* Frameworks */ = {
			isa = PBXFrameworksBuildPhase;
			buildActionMask = 2147483647;
			files = (
			);
			runOnlyForDeploymentPostprocessing = 0;
		};
/* End PBXFrameworksBuildPhase section */

/* Begin PBXGroup section */
		85ED20681C7308A90054F19B = {
			isa = PBXGroup;
			children = (
				85ED20A71C7308B00054F19B /* MenuView */,
				85ED20731C7308A90054F19B /* MenuView */,
				85ED208D1C7308A90054F19B /* MenuViewTests */,
				85ED20981C7308A90054F19B /* MenuViewUITests */,
				85ED20721C7308A90054F19B /* Products */,
			);
			sourceTree = "<group>";
		};
		85ED20721C7308A90054F19B /* Products */ = {
			isa = PBXGroup;
			children = (
				85ED20711C7308A90054F19B /* MenuView.app */,
				85ED208A1C7308A90054F19B /* MenuViewTests.xctest */,
				85ED20951C7308A90054F19B /* MenuViewUITests.xctest */,
			);
			name = Products;
			sourceTree = "<group>";
		};
		85ED20731C7308A90054F19B /* MenuView */ = {
			isa = PBXGroup;
			children = (
				85ED20771C7308A90054F19B /* AppDelegate.h */,
				85ED20781C7308A90054F19B /* AppDelegate.m */,
				85ED207A1C7308A90054F19B /* ViewController.h */,
				85ED207B1C7308A90054F19B /* ViewController.m */,
				85ED207D1C7308A90054F19B /* Main.storyboard */,
				85ED20801C7308A90054F19B /* Assets.xcassets */,
				85ED20821C7308A90054F19B /* LaunchScreen.storyboard */,
				85ED20851C7308A90054F19B /* Info.plist */,
				85ED20741C7308A90054F19B /* Supporting Files */,
			);
			path = MenuView;
			sourceTree = "<group>";
		};
		85ED20741C7308A90054F19B /* Supporting Files */ = {
			isa = PBXGroup;
			children = (
				85ED20751C7308A90054F19B /* main.m */,
			);
			name = "Supporting Files";
			sourceTree = "<group>";
		};
		85ED208D1C7308A90054F19B /* MenuViewTests */ = {
			isa = PBXGroup;
			children = (
				85ED208E1C7308A90054F19B /* MenuViewTests.m */,
				85ED20901C7308A90054F19B /* Info.plist */,
			);
			path = MenuViewTests;
			sourceTree = "<group>";
		};
		85ED20981C7308A90054F19B /* MenuViewUITests */ = {
			isa = PBXGroup;
			children = (
				85ED20991C7308A90054F19B /* MenuViewUITests.m */,
				85ED209B1C7308A90054F19B /* Info.plist */,
			);
			path = MenuViewUITests;
			sourceTree = "<group>";
		};
		85ED20A71C7308B00054F19B /* MenuView */ = {
			isa = PBXGroup;
			children = (
				85ED20A81C7308D00054F19B /* MenuView.h */,
				85ED20A91C7308D00054F19B /* MenuView.m */,
			);
			name = MenuView;
			sourceTree = "<group>";
		};
/* End PBXGroup section */

/* Begin PBXNativeTarget section */
		85ED20701C7308A90054F19B /* MenuView */ = {
			isa = PBXNativeTarget;
			buildConfigurationList = 85ED209E1C7308A90054F19B /* Build configuration list for PBXNativeTarget "MenuView" */;
			buildPhases = (
				85ED206D1C7308A90054F19B /* Sources */,
				85ED206E1C7308A90054F19B /* Frameworks */,
				85ED206F1C7308A90054F19B /* Resources */,
			);
			buildRules = (
			);
			dependencies = (
			);
			name = MenuView;
			productName = MenuView;
			productReference = 85ED20711C7308A90054F19B /* MenuView.app */;
			productType = "com.apple.product-type.application";
		};
		85ED20891C7308A90054F19B /* MenuViewTests */ = {
			isa = PBXNativeTarget;
			buildConfigurationList = 85ED20A11C7308A90054F19B /* Build configuration list for PBXNativeTarget "MenuViewTests" */;
			buildPhases = (
				85ED20861C7308A90054F19B /* Sources */,
				85ED20871C7308A90054F19B /* Frameworks */,
				85ED20881C7308A90054F19B /* Resources */,
			);
			buildRules = (
			);
			dependencies = (
				85ED208C1C7308A90054F19B /* PBXTargetDependency */,
			);
			name = MenuViewTests;
			productName = MenuViewTests;
			productReference = 85ED208A1C7308A90054F19B /* MenuViewTests.xctest */;
			productType = "com.apple.product-type.bundle.unit-test";
		};
		85ED20941C7308A90054F19B /* MenuViewUITests */ = {
			isa = PBXNativeTarget;
			buildConfigurationList = 85ED20A41C7308A90054F19B /* Build configuration list for PBXNativeTarget "MenuViewUITests" */;
			buildPhases = (
				85ED20911C7308A90054F19B /* Sources */,
				85ED20921C7308A90054F19B /* Frameworks */,
				85ED20931C7308A90054F19B /* Resources */,
			);
			buildRules = (
			);
			dependencies = (
				85ED20971C7308A90054F19B /* PBXTargetDependency */,
			);
			name = MenuViewUITests;
			productName = MenuViewUITests;
			productReference = 85ED20951C7308A90054F19B /* MenuViewUITests.xctest */;
			productType = "com.apple.product-type.bundle.ui-testing";
		};
/* End PBXNativeTarget section */

/* Begin PBXProject section */
		85ED20691C7308A90054F19B /* Project object */ = {
			isa = PBXProject;
			attributes = {
				LastUpgradeCheck = 0710;
				ORGANIZATIONNAME = lay;
				TargetAttributes = {
					85ED20701C7308A90054F19B = {
						CreatedOnToolsVersion = 7.1;
					};
					85ED20891C7308A90054F19B = {
						CreatedOnToolsVersion = 7.1;
						TestTargetID = 85ED20701C7308A90054F19B;
					};
					85ED20941C7308A90054F19B = {
						CreatedOnToolsVersion = 7.1;
						TestTargetID = 85ED20701C7308A90054F19B;
					};
				};
			};
			buildConfigurationList = 85ED206C1C7308A90054F19B /* Build configuration list for PBXProject "MenuView" */;
			compatibilityVersion = "Xcode 3.2";
			developmentRegion = English;
			hasScannedForEncodings = 0;
			knownRegions = (
				en,
				Base,
			);
			mainGroup = 85ED20681C7308A90054F19B;
			productRefGroup = 85ED20721C7308A90054F19B /* Products */;
			projectDirPath = "";
			projectRoot = "";
			targets = (
				85ED20701C7308A90054F19B /* MenuView */,
				85ED20891C7308A90054F19B /* MenuViewTests */,
				85ED20941C7308A90054F19B /* MenuViewUITests */,
			);
		};
/* End PBXProject section */

/* Begin PBXResourcesBuildPhase section */
		85ED206F1C7308A90054F19B /* Resources */ = {
			isa = PBXResourcesBuildPhase;
			buildActionMask = 2147483647;
			files = (
				85ED20841C7308A90054F19B /* LaunchScreen.storyboard in Resources */,
				85ED20811C7308A90054F19B /* Assets.xcassets in Resources */,
				85ED207F1C7308A90054F19B /* Main.storyboard in Resources */,
			);
			runOnlyForDeploymentPostprocessing = 0;
		};
		85ED20881C7308A90054F19B /* Resources */ = {
			isa = PBXResourcesBuildPhase;
			buildActionMask = 2147483647;
			files = (
			);
			runOnlyForDeploymentPostprocessing = 0;
		};
		85ED20931C7308A90054F19B /* Resources */ = {
			isa = PBXResourcesBuildPhase;
			buildActionMask = 2147483647;
			files = (
			);
			runOnlyForDeploymentPostprocessing = 0;
		};
/* End PBXResourcesBuildPhase section */

/* Begin PBXSourcesBuildPhase section */
		85ED206D1C7308A90054F19B /* Sources */ = {
			isa = PBXSourcesBuildPhase;
			buildActionMask = 2147483647;
			files = (
				85ED207C1C7308A90054F19B /* ViewController.m in Sources */,
				85ED20AA1C7308D00054F19B /* MenuView.m in Sources */,
				85ED20791C7308A90054F19B /* AppDelegate.m in Sources */,
				85ED20761C7308A90054F19B /* main.m in Sources */,
			);
			runOnlyForDeploymentPostprocessing = 0;
		};
		85ED20861C7308A90054F19B /* Sources */ = {
			isa = PBXSourcesBuildPhase;
			buildActionMask = 2147483647;
			files = (
				85ED208F1C7308A90054F19B /* MenuViewTests.m in Sources */,
			);
			runOnlyForDeploymentPostprocessing = 0;
		};
		85ED20911C7308A90054F19B /* Sources */ = {
			isa = PBXSourcesBuildPhase;
			buildActionMask = 2147483647;
			files = (
				85ED209A1C7308A90054F19B /* MenuViewUITests.m in Sources */,
			);
			runOnlyForDeploymentPostprocessing = 0;
		};
/* End PBXSourcesBuildPhase section */

/* Begin PBXTargetDependency section */
		85ED208C1C7308A90054F19B /* PBXTargetDependency */ = {
			isa = PBXTargetDependency;
			target = 85ED20701C7308A90054F19B /* MenuView */;
			targetProxy = 85ED208B1C7308A90054F19B /* PBXContainerItemProxy */;
		};
		85ED20971C7308A90054F19B /* PBXTargetDependency */ = {
			isa = PBXTargetDependency;
			target = 85ED20701C7308A90054F19B /* MenuView */;
			targetProxy = 85ED20961C7308A90054F19B /* PBXContainerItemProxy */;
		};
/* End PBXTargetDependency section */

/* Begin PBXVariantGroup section */
		85ED207D1C7308A90054F19B /* Main.storyboard */ = {
			isa = PBXVariantGroup;
			children = (
				85ED207E1C7308A90054F19B /* Base */,
			);
			name = Main.storyboard;
			sourceTree = "<group>";
		};
		85ED20821C7308A90054F19B /* LaunchScreen.storyboard */ = {
			isa = PBXVariantGroup;
			children = (
				85ED20831C7308A90054F19B /* Base */,
			);
			name = LaunchScreen.storyboard;
			sourceTree = "<group>";
		};
/* End PBXVariantGroup section */

/* Begin XCBuildConfiguration section */
		85ED209C1C7308A90054F19B /* Debug */ = {
			isa = XCBuildConfiguration;
			buildSettings = {
				ALWAYS_SEARCH_USER_PATHS = NO;
				CLANG_CXX_LANGUAGE_STANDARD = "gnu++0x";
				CLANG_CXX_LIBRARY = "libc++";
				CLANG_ENABLE_MODULES = YES;
				CLANG_ENABLE_OBJC_ARC = YES;
				CLANG_WARN_BOOL_CONVERSION = YES;
				CLANG_WARN_CONSTANT_CONVERSION = YES;
				CLANG_WARN_DIRECT_OBJC_ISA_USAGE = YES_ERROR;
				CLANG_WARN_EMPTY_BODY = YES;
				CLANG_WARN_ENUM_CONVERSION = YES;
				CLANG_WARN_INT_CONVERSION = YES;
				CLANG_WARN_OBJC_ROOT_CLASS = YES_ERROR;
				CLANG_WARN_UNREACHABLE_CODE = YES;
				CLANG_WARN__DUPLICATE_METHOD_MATCH = YES;
				"CODE_SIGN_IDENTITY[sdk=iphoneos*]" = "iPhone Developer";
				COPY_PHASE_STRIP = NO;
				DEBUG_INFORMATION_FORMAT = dwarf;
				ENABLE_STRICT_OBJC_MSGSEND = YES;
				ENABLE_TESTABILITY = YES;
				GCC_C_LANGUAGE_STANDARD = gnu99;
				GCC_DYNAMIC_NO_PIC = NO;
				GCC_NO_COMMON_BLOCKS = YES;
				GCC_OPTIMIZATION_LEVEL = 0;
				GCC_PREPROCESSOR_DEFINITIONS = (
					"DEBUG=1",
					"$(inherited)",
				);
				GCC_WARN_64_TO_32_BIT_CONVERSION = YES;
				GCC_WARN_ABOUT_RETURN_TYPE = YES_ERROR;
				GCC_WARN_UNDECLARED_SELECTOR = YES;
				GCC_WARN_UNINITIALIZED_AUTOS = YES_AGGRESSIVE;
				GCC_WARN_UNUSED_FUNCTION = YES;
				GCC_WARN_UNUSED_VARIABLE = YES;
				IPHONEOS_DEPLOYMENT_TARGET = 9.1;
				MTL_ENABLE_DEBUG_INFO = YES;
				ONLY_ACTIVE_ARCH = YES;
				SDKROOT = iphoneos;
			};
			name = Debug;
		};
		85ED209D1C7308A90054F19B /* Release */ = {
			isa = XCBuildConfiguration;
			buildSettings = {
				ALWAYS_SEARCH_USER_PATHS = NO;
				CLANG_CXX_LANGUAGE_STANDARD = "gnu++0x";
				CLANG_CXX_LIBRARY = "libc++";
				CLANG_ENABLE_MODULES = YES;
				CLANG_ENABLE_OBJC_ARC = YES;
				CLANG_WARN_BOOL_CONVERSION = YES;
				CLANG_WARN_CONSTANT_CONVERSION = YES;
				CLANG_WARN_DIRECT_OBJC_ISA_USAGE = YES_ERROR;
				CLANG_WARN_EMPTY_BODY = YES;
				CLANG_WARN_ENUM_CONVERSION = YES;
				CLANG_WARN_INT_CONVERSION = YES;
				CLANG_WARN_OBJC_ROOT_CLASS = YES_ERROR;
				CLANG_WARN_UNREACHABLE_CODE = YES;
				CLANG_WARN__DUPLICATE_METHOD_MATCH = YES;
				"CODE_SIGN_IDENTITY[sdk=iphoneos*]" = "iPhone Developer";
				COPY_PHASE_STRIP = NO;
				DEBUG_INFORMATION_FORMAT = "dwarf-with-dsym";
				ENABLE_NS_ASSERTIONS = NO;
				ENABLE_STRICT_OBJC_MSGSEND = YES;
				GCC_C_LANGUAGE_STANDARD = gnu99;
				GCC_NO_COMMON_BLOCKS = YES;
				GCC_WARN_64_TO_32_BIT_CONVERSION = YES;
				GCC_WARN_ABOUT_RETURN_TYPE = YES_ERROR;
				GCC_WARN_UNDECLARED_SELECTOR = YES;
				GCC_WARN_UNINITIALIZED_AUTOS = YES_AGGRESSIVE;
				GCC_WARN_UNUSED_FUNCTION = YES;
				GCC_WARN_UNUSED_VARIABLE = YES;
				IPHONEOS_DEPLOYMENT_TARGET = 9.1;
				MTL_ENABLE_DEBUG_INFO = NO;
				SDKROOT = iphoneos;
				VALIDATE_PRODUCT = YES;
			};
			name = Release;
		};
		85ED209F1C7308A90054F19B /* Debug */ = {
			isa = XCBuildConfiguration;
			buildSettings = {
				ASSETCATALOG_COMPILER_APPICON_NAME = AppIcon;
				INFOPLIST_FILE = MenuView/Info.plist;
				LD_RUNPATH_SEARCH_PATHS = "$(inherited) @executable_path/Frameworks";
				PRODUCT_BUNDLE_IDENTIFIER = lay.MenuView;
				PRODUCT_NAME = "$(TARGET_NAME)";
			};
			name = Debug;
		};
		85ED20A01C7308A90054F19B /* Release */ = {
			isa = XCBuildConfiguration;
			buildSettings = {
				ASSETCATALOG_COMPILER_APPICON_NAME = AppIcon;
				INFOPLIST_FILE = MenuView/Info.plist;
				LD_RUNPATH_SEARCH_PATHS = "$(inherited) @executable_path/Frameworks";
				PRODUCT_BUNDLE_IDENTIFIER = lay.MenuView;
				PRODUCT_NAME = "$(TARGET_NAME)";
			};
			name = Release;
		};
		85ED20A21C7308A90054F19B /* Debug */ = {
			isa = XCBuildConfiguration;
			buildSettings = {
				BUNDLE_LOADER = "$(TEST_HOST)";
				INFOPLIST_FILE = MenuViewTests/Info.plist;
				LD_RUNPATH_SEARCH_PATHS = "$(inherited) @executable_path/Frameworks @loader_path/Frameworks";
				PRODUCT_BUNDLE_IDENTIFIER = lay.MenuViewTests;
				PRODUCT_NAME = "$(TARGET_NAME)";
				TEST_HOST = "$(BUILT_PRODUCTS_DIR)/MenuView.app/MenuView";
			};
			name = Debug;
		};
		85ED20A31C7308A90054F19B /* Release */ = {
			isa = XCBuildConfiguration;
			buildSettings = {
				BUNDLE_LOADER = "$(TEST_HOST)";
				INFOPLIST_FILE = MenuViewTests/Info.plist;
				LD_RUNPATH_SEARCH_PATHS = "$(inherited) @executable_path/Frameworks @loader_path/Frameworks";
				PRODUCT_BUNDLE_IDENTIFIER = lay.MenuViewTests;
				PRODUCT_NAME = "$(TARGET_NAME)";
				TEST_HOST = "$(BUILT_PRODUCTS_DIR)/MenuView.app/MenuView";
			};
			name = Release;
		};
		85ED20A51C7308A90054F19B /* Debug */ = {
			isa = XCBuildConfiguration;
			buildSettings = {
				INFOPLIST_FILE = MenuViewUITests/Info.plist;
				LD_RUNPATH_SEARCH_PATHS = "$(inherited) @executable_path/Frameworks @loader_path/Frameworks";
				PRODUCT_BUNDLE_IDENTIFIER = lay.MenuViewUITests;
				PRODUCT_NAME = "$(TARGET_NAME)";
				TEST_TARGET_NAME = MenuView;
				USES_XCTRUNNER = YES;
			};
			name = Debug;
		};
		85ED20A61C7308A90054F19B /* Release */ = {
			isa = XCBuildConfiguration;
			buildSettings = {
				INFOPLIST_FILE = MenuViewUITests/Info.plist;
				LD_RUNPATH_SEARCH_PATHS = "$(inherited) @executable_path/Frameworks @loader_path/Frameworks";
				PRODUCT_BUNDLE_IDENTIFIER = lay.MenuViewUITests;
				PRODUCT_NAME = "$(TARGET_NAME)";
				TEST_TARGET_NAME = MenuView;
				USES_XCTRUNNER = YES;
			};
			name = Release;
		};
/* End XCBuildConfiguration section */

/* Begin XCConfigurationList section */
		85ED206C1C7308A90054F19B /* Build configuration list for PBXProject "MenuView" */ = {
			isa = XCConfigurationList;
			buildConfigurations = (
				85ED209C1C7308A90054F19B /* Debug */,
				85ED209D1C7308A90054F19B /* Release */,
			);
			defaultConfigurationIsVisible = 0;
			defaultConfigurationName = Release;
		};
		85ED209E1C7308A90054F19B /* Build configuration list for PBXNativeTarget "MenuView" */ = {
			isa = XCConfigurationList;
			buildConfigurations = (
				85ED209F1C7308A90054F19B /* Debug */,
				85ED20A01C7308A90054F19B /* Release */,
			);
			defaultConfigurationIsVisible = 0;
		};
		85ED20A11C7308A90054F19B /* Build configuration list for PBXNativeTarget "MenuViewTests" */ = {
			isa = XCConfigurationList;
			buildConfigurations = (
				85ED20A21C7308A90054F19B /* Debug */,
				85ED20A31C7308A90054F19B /* Release */,
			);
			defaultConfigurationIsVisible = 0;
		};
		85ED20A41C7308A90054F19B /* Build configuration list for PBXNativeTarget "MenuViewUITests" */ = {
			isa = XCConfigurationList;
			buildConfigurations = (
				85ED20A51C7308A90054F19B /* Debug */,
				85ED20A61C7308A90054F19B /* Release */,
			);
			defaultConfigurationIsVisible = 0;
		};
/* End XCConfigurationList section */
	};
	rootObject = 85ED20691C7308A90054F19B /* Project object */;
}
